
Microsoft Visual Studio Solution File, Format Version 12.00
# Visual Studio Version 16
VisualStudioVersion = 16.0.29025.244
MinimumVisualStudioVersion = 10.0.40219.1
Project("{FAE04EC0-301F-11D3-BF4B-00C04F79EFBC}") = "animalexample", "animalexample\animalexample.csproj", "{A9C389C0-7568-4844-9DBB-9A5705FF4A71}"
EndProject
Global
	GlobalSection(SolutionConfigurationPlatforms) = preSolution
		Debug|Any CPU = Debug|Any CPU
		Release|Any CPU = Release|Any CPU
	EndGlobalSection
	GlobalSection(ProjectConfigurationPlatforms) = postSolution
		{A9C389C0-7568-4844-9DBB-9A5705FF4A71}.Debug|Any CPU.ActiveCfg = Debug|Any CPU
		{A9C389C0-7568-4844-9DBB-9A5705FF4A71}.Debug|Any CPU.Build.0 = Debug|Any CPU
		{A9C389C0-7568-4844-9DBB-9A5705FF4A71}.Release|Any CPU.ActiveCfg = Release|Any CPU
		{A9C389C0-7568-4844-9DBB-9A5705FF4A71}.Release|Any CPU.Build.0 = Release|Any CPU
	EndGlobalSection
	GlobalSection(SolutionProperties) = preSolution
		HideSolutionNode = FALSE
	EndGlobalSection
	GlobalSection(ExtensibilityGlobals) = postSolution
		SolutionGuid = {95275BCA-6755-40EC-8E9B-10386EE8E687}
	EndGlobalSection
EndGlobal
